
Microsoft Visual Studio Solution File, Format Version 12.00
# Visual Studio Version 16
VisualStudioVersion = 16.0.30907.101
MinimumVisualStudioVersion = 10.0.40219.1
Project("{FAE04EC0-301F-11D3-BF4B-00C04F79EFBC}") = "GenericDictionary", "GenericDictionary\GenericDictionary.csproj", "{44DA6453-72C9-47C8-AC38-5AEDC9E88B1F}"
EndProject
Global
	GlobalSection(SolutionConfigurationPlatforms) = preSolution
		Debug|Any CPU = Debug|Any CPU
		Release|Any CPU = Release|Any CPU
	EndGlobalSection
	GlobalSection(ProjectConfigurationPlatforms) = postSolution
		{44DA6453-72C9-47C8-AC38-5AEDC9E88B1F}.Debug|Any CPU.ActiveCfg = Debug|Any CPU
		{44DA6453-72C9-47C8-AC38-5AEDC9E88B1F}.Debug|Any CPU.Build.0 = Debug|Any CPU
		{44DA6453-72C9-47C8-AC38-5AEDC9E88B1F}.Release|Any CPU.ActiveCfg = Release|Any CPU
		{44DA6453-72C9-47C8-AC38-5AEDC9E88B1F}.Release|Any CPU.Build.0 = Release|Any CPU
	EndGlobalSection
	GlobalSection(SolutionProperties) = preSolution
		HideSolutionNode = FALSE
	EndGlobalSection
	GlobalSection(ExtensibilityGlobals) = postSolution
		SolutionGuid = {06405A9C-3685-4FA1-AE07-E26344E7BEC9}
	EndGlobalSection
EndGlobal
